
Microsoft Visual Studio Solution File, Format Version 12.00
# Visual Studio 15
VisualStudioVersion = 15.0.27703.2035
MinimumVisualStudioVersion = 10.0.40219.1
Project("{FAE04EC0-301F-11D3-BF4B-00C04F79EFBC}") = "FNZ.WebApi", "FNZ.WebApi\FNZ.WebApi.csproj", "{DBDE2714-40BA-4AE3-8680-BCDDBC7AFC1A}"
EndProject
Project("{FAE04EC0-301F-11D3-BF4B-00C04F79EFBC}") = "FNZ.Share", "FNZ.Share\FNZ.Share.csproj", "{7F213D3E-2FF4-4C43-A252-C61580A11BA7}"
EndProject
Project("{FAE04EC0-301F-11D3-BF4B-00C04F79EFBC}") = "FNZ.Data", "FNZ.Data\FNZ.Data.csproj", "{C41FC1F2-0C86-47DE-90C5-D1186C1D9D7E}"
EndProject
Project("{FAE04EC0-301F-11D3-BF4B-00C04F79EFBC}") = "FNZ.BL", "FNZ.BL\FNZ.BL.csproj", "{5243D357-3F2D-4982-A386-BDC88713C5F8}"
EndProject
Project("{FAE04EC0-301F-11D3-BF4B-00C04F79EFBC}") = "FNZ.Tests", "FNZ.Tests\FNZ.Tests.csproj", "{3376E66A-33CD-47EA-991A-337BBCDBD689}"
EndProject
Global
	GlobalSection(SolutionConfigurationPlatforms) = preSolution
		Debug|Any CPU = Debug|Any CPU
		Release|Any CPU = Release|Any CPU
	EndGlobalSection
	GlobalSection(ProjectConfigurationPlatforms) = postSolution
		{DBDE2714-40BA-4AE3-8680-BCDDBC7AFC1A}.Debug|Any CPU.ActiveCfg = Debug|Any CPU
		{DBDE2714-40BA-4AE3-8680-BCDDBC7AFC1A}.Debug|Any CPU.Build.0 = Debug|Any CPU
		{DBDE2714-40BA-4AE3-8680-BCDDBC7AFC1A}.Release|Any CPU.ActiveCfg = Release|Any CPU
		{DBDE2714-40BA-4AE3-8680-BCDDBC7AFC1A}.Release|Any CPU.Build.0 = Release|Any CPU
		{7F213D3E-2FF4-4C43-A252-C61580A11BA7}.Debug|Any CPU.ActiveCfg = Debug|Any CPU
		{7F213D3E-2FF4-4C43-A252-C61580A11BA7}.Debug|Any CPU.Build.0 = Debug|Any CPU
		{7F213D3E-2FF4-4C43-A252-C61580A11BA7}.Release|Any CPU.ActiveCfg = Release|Any CPU
		{7F213D3E-2FF4-4C43-A252-C61580A11BA7}.Release|Any CPU.Build.0 = Release|Any CPU
		{C41FC1F2-0C86-47DE-90C5-D1186C1D9D7E}.Debug|Any CPU.ActiveCfg = Debug|Any CPU
		{C41FC1F2-0C86-47DE-90C5-D1186C1D9D7E}.Debug|Any CPU.Build.0 = Debug|Any CPU
		{C41FC1F2-0C86-47DE-90C5-D1186C1D9D7E}.Release|Any CPU.ActiveCfg = Release|Any CPU
		{C41FC1F2-0C86-47DE-90C5-D1186C1D9D7E}.Release|Any CPU.Build.0 = Release|Any CPU
		{5243D357-3F2D-4982-A386-BDC88713C5F8}.Debug|Any CPU.ActiveCfg = Debug|Any CPU
		{5243D357-3F2D-4982-A386-BDC88713C5F8}.Debug|Any CPU.Build.0 = Debug|Any CPU
		{5243D357-3F2D-4982-A386-BDC88713C5F8}.Release|Any CPU.ActiveCfg = Release|Any CPU
		{5243D357-3F2D-4982-A386-BDC88713C5F8}.Release|Any CPU.Build.0 = Release|Any CPU
		{3376E66A-33CD-47EA-991A-337BBCDBD689}.Debug|Any CPU.ActiveCfg = Debug|Any CPU
		{3376E66A-33CD-47EA-991A-337BBCDBD689}.Debug|Any CPU.Build.0 = Debug|Any CPU
		{3376E66A-33CD-47EA-991A-337BBCDBD689}.Release|Any CPU.ActiveCfg = Release|Any CPU
		{3376E66A-33CD-47EA-991A-337BBCDBD689}.Release|Any CPU.Build.0 = Release|Any CPU
	EndGlobalSection
	GlobalSection(SolutionProperties) = preSolution
		HideSolutionNode = FALSE
	EndGlobalSection
	GlobalSection(ExtensibilityGlobals) = postSolution
		SolutionGuid = {6AE5388C-B37C-426F-BA14-A3ED95174674}
	EndGlobalSection
EndGlobal
